
Microsoft Visual Studio Solution File, Format Version 12.00
# Visual Studio Version 17
VisualStudioVersion = 17.13.35931.197 d17.13
MinimumVisualStudioVersion = 10.0.40219.1
Project("{FAE04EC0-301F-11D3-BF4B-00C04F79EFBC}") = "Mr and Mrs DineIn", "Mr and Mrs DineIn.csproj", "{03973FBB-EE78-41DB-9FF9-1D44FC2BE8D9}"
EndProject
Project("{2150E333-8FDC-42A3-9474-1A3956D46DE8}") = "Solution Items", "Solution Items", "{8EC462FD-D22E-90A8-E5CE-7E832BA40C5D}"
	ProjectSection(SolutionItems) = preProject
		.gitignore = .gitignore
	EndProjectSection
EndProject
Global
	GlobalSection(SolutionConfigurationPlatforms) = preSolution
		Debug|Any CPU = Debug|Any CPU
		Release|Any CPU = Release|Any CPU
	EndGlobalSection
	GlobalSection(ProjectConfigurationPlatforms) = postSolution
		{03973FBB-EE78-41DB-9FF9-1D44FC2BE8D9}.Debug|Any CPU.ActiveCfg = Debug|Any CPU
		{03973FBB-EE78-41DB-9FF9-1D44FC2BE8D9}.Debug|Any CPU.Build.0 = Debug|Any CPU
		{03973FBB-EE78-41DB-9FF9-1D44FC2BE8D9}.Release|Any CPU.ActiveCfg = Release|Any CPU
		{03973FBB-EE78-41DB-9FF9-1D44FC2BE8D9}.Release|Any CPU.Build.0 = Release|Any CPU
	EndGlobalSection
	GlobalSection(SolutionProperties) = preSolution
		HideSolutionNode = FALSE
	EndGlobalSection
	GlobalSection(ExtensibilityGlobals) = postSolution
		SolutionGuid = {D63D5954-DB0E-4D09-821C-477DBC6E7ABB}
	EndGlobalSection
EndGlobal
